// !$*UTF8*$!
{
	archiveVersion = 1;
	classes = {
	};
	objectVersion = 50;
	objects = {

/* Begin PBXBuildFile section */
		AC1A552C20F1DB4E007596CF /* rainPopViewController.swift in Sources */ = {isa = PBXBuildFile; fileRef = AC1A552B20F1DB4E007596CF /* rainPopViewController.swift */; };
		AC1A552E20F1DD91007596CF /* CircleViewController.swift in Sources */ = {isa = PBXBuildFile; fileRef = AC1A552D20F1DD91007596CF /* CircleViewController.swift */; };
		AC752EBA20E762BB0068CC62 /* AppDelegate.swift in Sources */ = {isa = PBXBuildFile; fileRef = AC752EB920E762BB0068CC62 /* AppDelegate.swift */; };
		AC752EBC20E762BB0068CC62 /* ViewController.swift in Sources */ = {isa = PBXBuildFile; fileRef = AC752EBB20E762BB0068CC62 /* ViewController.swift */; };
		AC752EBF20E762BB0068CC62 /* Main.storyboard in Resources */ = {isa = PBXBuildFile; fileRef = AC752EBD20E762BB0068CC62 /* Main.storyboard */; };
		AC752EC120E762BE0068CC62 /* Assets.xcassets in Resources */ = {isa = PBXBuildFile; fileRef = AC752EC020E762BE0068CC62 /* Assets.xcassets */; };
		AC752EC420E762BE0068CC62 /* LaunchScreen.storyboard in Resources */ = {isa = PBXBuildFile; fileRef = AC752EC220E762BE0068CC62 /* LaunchScreen.storyboard */; };
		AC752ECC20E7671B0068CC62 /* StreamingViewController.swift in Sources */ = {isa = PBXBuildFile; fileRef = AC752ECB20E7671B0068CC62 /* StreamingViewController.swift */; };
		ACD2D91E20F4883B00EE2DDA /* breakInPhotoViewController.swift in Sources */ = {isa = PBXBuildFile; fileRef = ACD2D91D20F4883B00EE2DDA /* breakInPhotoViewController.swift */; };
		ACD2D92020F48FC900EE2DDA /* tabBarViewController.swift in Sources */ = {isa = PBXBuildFile; fileRef = ACD2D91F20F48FC900EE2DDA /* tabBarViewController.swift */; };
/* End PBXBuildFile section */

/* Begin PBXFileReference section */
		AC1A552B20F1DB4E007596CF /* rainPopViewController.swift */ = {isa = PBXFileReference; lastKnownFileType = sourcecode.swift; path = rainPopViewController.swift; sourceTree = "<group>"; };
		AC1A552D20F1DD91007596CF /* CircleViewController.swift */ = {isa = PBXFileReference; fileEncoding = 4; lastKnownFileType = sourcecode.swift; path = CircleViewController.swift; sourceTree = "<group>"; };
		AC752EB620E762BB0068CC62 /* finalPrj_chihyen.app */ = {isa = PBXFileReference; explicitFileType = wrapper.application; includeInIndex = 0; path = finalPrj_chihyen.app; sourceTree = BUILT_PRODUCTS_DIR; };
		AC752EB920E762BB0068CC62 /* AppDelegate.swift */ = {isa = PBXFileReference; lastKnownFileType = sourcecode.swift; path = AppDelegate.swift; sourceTree = "<group>"; };
		AC752EBB20E762BB0068CC62 /* ViewController.swift */ = {isa = PBXFileReference; lastKnownFileType = sourcecode.swift; path = ViewController.swift; sourceTree = "<group>"; };
		AC752EBE20E762BB0068CC62 /* Base */ = {isa = PBXFileReference; lastKnownFileType = file.storyboard; name = Base; path = Base.lproj/Main.storyboard; sourceTree = "<group>"; };
		AC752EC020E762BE0068CC62 /* Assets.xcassets */ = {isa = PBXFileReference; lastKnownFileType = folder.assetcatalog; path = Assets.xcassets; sourceTree = "<group>"; };
		AC752EC320E762BE0068CC62 /* Base */ = {isa = PBXFileReference; lastKnownFileType = file.storyboard; name = Base; path = Base.lproj/LaunchScreen.storyboard; sourceTree = "<group>"; };
		AC752EC520E762BE0068CC62 /* Info.plist */ = {isa = PBXFileReference; lastKnownFileType = text.plist.xml; path = Info.plist; sourceTree = "<group>"; };
		AC752ECB20E7671B0068CC62 /* StreamingViewController.swift */ = {isa = PBXFileReference; lastKnownFileType = sourcecode.swift; path = StreamingViewController.swift; sourceTree = "<group>"; };
		AC752EEB20EF484E0068CC62 /* finalPrj_chihyen.entitlements */ = {isa = PBXFileReference; lastKnownFileType = text.plist.entitlements; path = finalPrj_chihyen.entitlements; sourceTree = "<group>"; };
		ACD2D91D20F4883B00EE2DDA /* breakInPhotoViewController.swift */ = {isa = PBXFileReference; lastKnownFileType = sourcecode.swift; path = breakInPhotoViewController.swift; sourceTree = "<group>"; };
		ACD2D91F20F48FC900EE2DDA /* tabBarViewController.swift */ = {isa = PBXFileReference; lastKnownFileType = sourcecode.swift; path = tabBarViewController.swift; sourceTree = "<group>"; };
/* End PBXFileReference section */

/* Begin PBXFrameworksBuildPhase section */
		AC752EB320E762BB0068CC62 /* Frameworks */ = {
			isa = PBXFrameworksBuildPhase;
			buildActionMask = 2147483647;
			files = (
			);
			runOnlyForDeploymentPostprocessing = 0;
		};
/* End PBXFrameworksBuildPhase section */

/* Begin PBXGroup section */
		AC752EAD20E762BB0068CC62 = {
			isa = PBXGroup;
			children = (
				AC752EB820E762BB0068CC62 /* finalPrj_chihyen */,
				AC752EB720E762BB0068CC62 /* Products */,
			);
			sourceTree = "<group>";
		};
		AC752EB720E762BB0068CC62 /* Products */ = {
			isa = PBXGroup;
			children = (
				AC752EB620E762BB0068CC62 /* finalPrj_chihyen.app */,
			);
			name = Products;
			sourceTree = "<group>";
		};
		AC752EB820E762BB0068CC62 /* finalPrj_chihyen */ = {
			isa = PBXGroup;
			children = (
				AC752EEB20EF484E0068CC62 /* finalPrj_chihyen.entitlements */,
				AC752EB920E762BB0068CC62 /* AppDelegate.swift */,
				AC752EBB20E762BB0068CC62 /* ViewController.swift */,
				AC752ECB20E7671B0068CC62 /* StreamingViewController.swift */,
				AC1A552D20F1DD91007596CF /* CircleViewController.swift */,
				AC1A552B20F1DB4E007596CF /* rainPopViewController.swift */,
				AC752EBD20E762BB0068CC62 /* Main.storyboard */,
				ACD2D91F20F48FC900EE2DDA /* tabBarViewController.swift */,
				ACD2D91D20F4883B00EE2DDA /* breakInPhotoViewController.swift */,
				AC752EC020E762BE0068CC62 /* Assets.xcassets */,
				AC752EC220E762BE0068CC62 /* LaunchScreen.storyboard */,
				AC752EC520E762BE0068CC62 /* Info.plist */,
			);
			path = finalPrj_chihyen;
			sourceTree = "<group>";
		};
/* End PBXGroup section */

/* Begin PBXNativeTarget section */
		AC752EB520E762BB0068CC62 /* finalPrj_chihyen */ = {
			isa = PBXNativeTarget;
			buildConfigurationList = AC752EC820E762BE0068CC62 /* Build configuration list for PBXNativeTarget "finalPrj_chihyen" */;
			buildPhases = (
				AC752EB220E762BB0068CC62 /* Sources */,
				AC752EB320E762BB0068CC62 /* Frameworks */,
				AC752EB420E762BB0068CC62 /* Resources */,
			);
			buildRules = (
			);
			dependencies = (
			);
			name = finalPrj_chihyen;
			productName = finalPrj_chihyen;
			productReference = AC752EB620E762BB0068CC62 /* finalPrj_chihyen.app */;
			productType = "com.apple.product-type.application";
		};
/* End PBXNativeTarget section */

/* Begin PBXProject section */
		AC752EAE20E762BB0068CC62 /* Project object */ = {
			isa = PBXProject;
			attributes = {
				LastSwiftUpdateCheck = 0940;
				LastUpgradeCheck = 0940;
				ORGANIZATIONNAME = Yen;
				TargetAttributes = {
					AC752EB520E762BB0068CC62 = {
						CreatedOnToolsVersion = 9.4;
						SystemCapabilities = {
							com.apple.Push = {
								enabled = 1;
							};
						};
					};
				};
			};
			buildConfigurationList = AC752EB120E762BB0068CC62 /* Build configuration list for PBXProject "finalPrj_chihyen" */;
			compatibilityVersion = "Xcode 9.3";
			developmentRegion = en;
			hasScannedForEncodings = 0;
			knownRegions = (
				en,
				Base,
			);
			mainGroup = AC752EAD20E762BB0068CC62;
			productRefGroup = AC752EB720E762BB0068CC62 /* Products */;
			projectDirPath = "";
			projectRoot = "";
			targets = (
				AC752EB520E762BB0068CC62 /* finalPrj_chihyen */,
			);
		};
/* End PBXProject section */

/* Begin PBXResourcesBuildPhase section */
		AC752EB420E762BB0068CC62 /* Resources */ = {
			isa = PBXResourcesBuildPhase;
			buildActionMask = 2147483647;
			files = (
				AC752EC420E762BE0068CC62 /* LaunchScreen.storyboard in Resources */,
				AC752EC120E762BE0068CC62 /* Assets.xcassets in Resources */,
				AC752EBF20E762BB0068CC62 /* Main.storyboard in Resources */,
			);
			runOnlyForDeploymentPostprocessing = 0;
		};
/* End PBXResourcesBuildPhase section */

/* Begin PBXSourcesBuildPhase section */
		AC752EB220E762BB0068CC62 /* Sources */ = {
			isa = PBXSourcesBuildPhase;
			buildActionMask = 2147483647;
			files = (
				AC752EBC20E762BB0068CC62 /* ViewController.swift in Sources */,
				AC752EBA20E762BB0068CC62 /* AppDelegate.swift in Sources */,
				AC1A552E20F1DD91007596CF /* CircleViewController.swift in Sources */,
				ACD2D92020F48FC900EE2DDA /* tabBarViewController.swift in Sources */,
				AC1A552C20F1DB4E007596CF /* rainPopViewController.swift in Sources */,
				ACD2D91E20F4883B00EE2DDA /* breakInPhotoViewController.swift in Sources */,
				AC752ECC20E7671B0068CC62 /* StreamingViewController.swift in Sources */,
			);
			runOnlyForDeploymentPostprocessing = 0;
		};
/* End PBXSourcesBuildPhase section */

/* Begin PBXVariantGroup section */
		AC752EBD20E762BB0068CC62 /* Main.storyboard */ = {
			isa = PBXVariantGroup;
			children = (
				AC752EBE20E762BB0068CC62 /* Base */,
			);
			name = Main.storyboard;
			sourceTree = "<group>";
		};
		AC752EC220E762BE0068CC62 /* LaunchScreen.storyboard */ = {
			isa = PBXVariantGroup;
			children = (
				AC752EC320E762BE0068CC62 /* Base */,
			);
			name = LaunchScreen.storyboard;
			sourceTree = "<group>";
		};
/* End PBXVariantGroup section */

/* Begin XCBuildConfiguration section */
		AC752EC620E762BE0068CC62 /* Debug */ = {
			isa = XCBuildConfiguration;
			buildSettings = {
				ALWAYS_SEARCH_USER_PATHS = NO;
				CLANG_ANALYZER_NONNULL = YES;
				CLANG_ANALYZER_NUMBER_OBJECT_CONVERSION = YES_AGGRESSIVE;
				CLANG_CXX_LANGUAGE_STANDARD = "gnu++14";
				CLANG_CXX_LIBRARY = "libc++";
				CLANG_ENABLE_MODULES = YES;
				CLANG_ENABLE_OBJC_ARC = YES;
				CLANG_ENABLE_OBJC_WEAK = YES;
				CLANG_WARN_BLOCK_CAPTURE_AUTORELEASING = YES;
				CLANG_WARN_BOOL_CONVERSION = YES;
				CLANG_WARN_COMMA = YES;
				CLANG_WARN_CONSTANT_CONVERSION = YES;
				CLANG_WARN_DEPRECATED_OBJC_IMPLEMENTATIONS = YES;
				CLANG_WARN_DIRECT_OBJC_ISA_USAGE = YES_ERROR;
				CLANG_WARN_DOCUMENTATION_COMMENTS = YES;
				CLANG_WARN_EMPTY_BODY = YES;
				CLANG_WARN_ENUM_CONVERSION = YES;
				CLANG_WARN_INFINITE_RECURSION = YES;
				CLANG_WARN_INT_CONVERSION = YES;
				CLANG_WARN_NON_LITERAL_NULL_CONVERSION = YES;
				CLANG_WARN_OBJC_IMPLICIT_RETAIN_SELF = YES;
				CLANG_WARN_OBJC_LITERAL_CONVERSION = YES;
				CLANG_WARN_OBJC_ROOT_CLASS = YES_ERROR;
				CLANG_WARN_RANGE_LOOP_ANALYSIS = YES;
				CLANG_WARN_STRICT_PROTOTYPES = YES;
				CLANG_WARN_SUSPICIOUS_MOVE = YES;
				CLANG_WARN_UNGUARDED_AVAILABILITY = YES_AGGRESSIVE;
				CLANG_WARN_UNREACHABLE_CODE = YES;
				CLANG_WARN__DUPLICATE_METHOD_MATCH = YES;
				CODE_SIGN_IDENTITY = "iPhone Developer";
				COPY_PHASE_STRIP = NO;
				DEBUG_INFORMATION_FORMAT = dwarf;
				ENABLE_STRICT_OBJC_MSGSEND = YES;
				ENABLE_TESTABILITY = YES;
				GCC_C_LANGUAGE_STANDARD = gnu11;
				GCC_DYNAMIC_NO_PIC = NO;
				GCC_NO_COMMON_BLOCKS = YES;
				GCC_OPTIMIZATION_LEVEL = 0;
				GCC_PREPROCESSOR_DEFINITIONS = (
					"DEBUG=1",
					"$(inherited)",
				);
				GCC_WARN_64_TO_32_BIT_CONVERSION = YES;
				GCC_WARN_ABOUT_RETURN_TYPE = YES_ERROR;
				GCC_WARN_UNDECLARED_SELECTOR = YES;
				GCC_WARN_UNINITIALIZED_AUTOS = YES_AGGRESSIVE;
				GCC_WARN_UNUSED_FUNCTION = YES;
				GCC_WARN_UNUSED_VARIABLE = YES;
				IPHONEOS_DEPLOYMENT_TARGET = 11.4;
				MTL_ENABLE_DEBUG_INFO = YES;
				ONLY_ACTIVE_ARCH = YES;
				SDKROOT = iphoneos;
				SWIFT_ACTIVE_COMPILATION_CONDITIONS = DEBUG;
				SWIFT_OPTIMIZATION_LEVEL = "-Onone";
			};
			name = Debug;
		};
		AC752EC720E762BE0068CC62 /* Release */ = {
			isa = XCBuildConfiguration;
			buildSettings = {
				ALWAYS_SEARCH_USER_PATHS = NO;
				CLANG_ANALYZER_NONNULL = YES;
				CLANG_ANALYZER_NUMBER_OBJECT_CONVERSION = YES_AGGRESSIVE;
				CLANG_CXX_LANGUAGE_STANDARD = "gnu++14";
				CLANG_CXX_LIBRARY = "libc++";
				CLANG_ENABLE_MODULES = YES;
				CLANG_ENABLE_OBJC_ARC = YES;
				CLANG_ENABLE_OBJC_WEAK = YES;
				CLANG_WARN_BLOCK_CAPTURE_AUTORELEASING = YES;
				CLANG_WARN_BOOL_CONVERSION = YES;
				CLANG_WARN_COMMA = YES;
				CLANG_WARN_CONSTANT_CONVERSION = YES;
				CLANG_WARN_DEPRECATED_OBJC_IMPLEMENTATIONS = YES;
				CLANG_WARN_DIRECT_OBJC_ISA_USAGE = YES_ERROR;
				CLANG_WARN_DOCUMENTATION_COMMENTS = YES;
				CLANG_WARN_EMPTY_BODY = YES;
				CLANG_WARN_ENUM_CONVERSION = YES;
				CLANG_WARN_INFINITE_RECURSION = YES;
				CLANG_WARN_INT_CONVERSION = YES;
				CLANG_WARN_NON_LITERAL_NULL_CONVERSION = YES;
				CLANG_WARN_OBJC_IMPLICIT_RETAIN_SELF = YES;
				CLANG_WARN_OBJC_LITERAL_CONVERSION = YES;
				CLANG_WARN_OBJC_ROOT_CLASS = YES_ERROR;
				CLANG_WARN_RANGE_LOOP_ANALYSIS = YES;
				CLANG_WARN_STRICT_PROTOTYPES = YES;
				CLANG_WARN_SUSPICIOUS_MOVE = YES;
				CLANG_WARN_UNGUARDED_AVAILABILITY = YES_AGGRESSIVE;
				CLANG_WARN_UNREACHABLE_CODE = YES;
				CLANG_WARN__DUPLICATE_METHOD_MATCH = YES;
				CODE_SIGN_IDENTITY = "iPhone Developer";
				COPY_PHASE_STRIP = NO;
				DEBUG_INFORMATION_FORMAT = "dwarf-with-dsym";
				ENABLE_NS_ASSERTIONS = NO;
				ENABLE_STRICT_OBJC_MSGSEND = YES;
				GCC_C_LANGUAGE_STANDARD = gnu11;
				GCC_NO_COMMON_BLOCKS = YES;
				GCC_WARN_64_TO_32_BIT_CONVERSION = YES;
				GCC_WARN_ABOUT_RETURN_TYPE = YES_ERROR;
				GCC_WARN_UNDECLARED_SELECTOR = YES;
				GCC_WARN_UNINITIALIZED_AUTOS = YES_AGGRESSIVE;
				GCC_WARN_UNUSED_FUNCTION = YES;
				GCC_WARN_UNUSED_VARIABLE = YES;
				IPHONEOS_DEPLOYMENT_TARGET = 11.4;
				MTL_ENABLE_DEBUG_INFO = NO;
				SDKROOT = iphoneos;
				SWIFT_COMPILATION_MODE = wholemodule;
				SWIFT_OPTIMIZATION_LEVEL = "-O";
				VALIDATE_PRODUCT = YES;
			};
			name = Release;
		};
		AC752EC920E762BE0068CC62 /* Debug */ = {
			isa = XCBuildConfiguration;
			buildSettings = {
				ASSETCATALOG_COMPILER_APPICON_NAME = AppIcon;
				CODE_SIGN_ENTITLEMENTS = finalPrj_chihyen/finalPrj_chihyen.entitlements;
				CODE_SIGN_STYLE = Automatic;
				DEVELOPMENT_TEAM = 76T5KWEPVV;
				INFOPLIST_FILE = finalPrj_chihyen/Info.plist;
				IPHONEOS_DEPLOYMENT_TARGET = 11.1;
				LD_RUNPATH_SEARCH_PATHS = (
					"$(inherited)",
					"@executable_path/Frameworks",
				);
				PRODUCT_BUNDLE_IDENTIFIER = "Simon-Chang.-socketchat";
				PRODUCT_NAME = "$(TARGET_NAME)";
				SWIFT_VERSION = 4.0;
				TARGETED_DEVICE_FAMILY = "1,2";
			};
			name = Debug;
		};
		AC752ECA20E762BE0068CC62 /* Release */ = {
			isa = XCBuildConfiguration;
			buildSettings = {
				ASSETCATALOG_COMPILER_APPICON_NAME = AppIcon;
				CODE_SIGN_ENTITLEMENTS = finalPrj_chihyen/finalPrj_chihyen.entitlements;
				CODE_SIGN_STYLE = Automatic;
				DEVELOPMENT_TEAM = 76T5KWEPVV;
				INFOPLIST_FILE = finalPrj_chihyen/Info.plist;
				IPHONEOS_DEPLOYMENT_TARGET = 11.1;
				LD_RUNPATH_SEARCH_PATHS = (
					"$(inherited)",
					"@executable_path/Frameworks",
				);
				PRODUCT_BUNDLE_IDENTIFIER = "Simon-Chang.-socketchat";
				PRODUCT_NAME = "$(TARGET_NAME)";
				SWIFT_VERSION = 4.0;
				TARGETED_DEVICE_FAMILY = "1,2";
			};
			name = Release;
		};
/* End XCBuildConfiguration section */

/* Begin XCConfigurationList section */
		AC752EB120E762BB0068CC62 /* Build configuration list for PBXProject "finalPrj_chihyen" */ = {
			isa = XCConfigurationList;
			buildConfigurations = (
				AC752EC620E762BE0068CC62 /* Debug */,
				AC752EC720E762BE0068CC62 /* Release */,
			);
			defaultConfigurationIsVisible = 0;
			defaultConfigurationName = Release;
		};
		AC752EC820E762BE0068CC62 /* Build configuration list for PBXNativeTarget "finalPrj_chihyen" */ = {
			isa = XCConfigurationList;
			buildConfigurations = (
				AC752EC920E762BE0068CC62 /* Debug */,
				AC752ECA20E762BE0068CC62 /* Release */,
			);
			defaultConfigurationIsVisible = 0;
			defaultConfigurationName = Release;
		};
/* End XCConfigurationList section */
	};
	rootObject = AC752EAE20E762BB0068CC62 /* Project object */;
}
