// !$*UTF8*$!
{
	archiveVersion = 1;
	classes = {
	};
	objectVersion = 50;
	objects = {

/* Begin PBXBuildFile section */
		CEDA4CDF20BBF5F90023C272 /* AppDelegate.swift in Sources */ = {isa = PBXBuildFile; fileRef = CEDA4CDE20BBF5F90023C272 /* AppDelegate.swift */; };
		CEDA4CE120BBF5F90023C272 /* ViewController.swift in Sources */ = {isa = PBXBuildFile; fileRef = CEDA4CE020BBF5F90023C272 /* ViewController.swift */; };
		CEDA4CE420BBF5F90023C272 /* Main.storyboard in Resources */ = {isa = PBXBuildFile; fileRef = CEDA4CE220BBF5F90023C272 /* Main.storyboard */; };
		CEDA4CE620BBF5FA0023C272 /* Assets.xcassets in Resources */ = {isa = PBXBuildFile; fileRef = CEDA4CE520BBF5FA0023C272 /* Assets.xcassets */; };
		CEDA4CE920BBF5FA0023C272 /* LaunchScreen.storyboard in Resources */ = {isa = PBXBuildFile; fileRef = CEDA4CE720BBF5FA0023C272 /* LaunchScreen.storyboard */; };
		CEDA4CF320BBF8460023C272 /* AlertView.swift in Sources */ = {isa = PBXBuildFile; fileRef = CEDA4CF220BBF8460023C272 /* AlertView.swift */; };
/* End PBXBuildFile section */

/* Begin PBXFileReference section */
		CEDA4CDB20BBF5F90023C272 /* 20180528_4.app */ = {isa = PBXFileReference; explicitFileType = wrapper.application; includeInIndex = 0; path = 20180528_4.app; sourceTree = BUILT_PRODUCTS_DIR; };
		CEDA4CDE20BBF5F90023C272 /* AppDelegate.swift */ = {isa = PBXFileReference; lastKnownFileType = sourcecode.swift; path = AppDelegate.swift; sourceTree = "<group>"; };
		CEDA4CE020BBF5F90023C272 /* ViewController.swift */ = {isa = PBXFileReference; lastKnownFileType = sourcecode.swift; path = ViewController.swift; sourceTree = "<group>"; };
		CEDA4CE320BBF5F90023C272 /* Base */ = {isa = PBXFileReference; lastKnownFileType = file.storyboard; name = Base; path = Base.lproj/Main.storyboard; sourceTree = "<group>"; };
		CEDA4CE520BBF5FA0023C272 /* Assets.xcassets */ = {isa = PBXFileReference; lastKnownFileType = folder.assetcatalog; path = Assets.xcassets; sourceTree = "<group>"; };
		CEDA4CE820BBF5FA0023C272 /* Base */ = {isa = PBXFileReference; lastKnownFileType = file.storyboard; name = Base; path = Base.lproj/LaunchScreen.storyboard; sourceTree = "<group>"; };
		CEDA4CEA20BBF5FA0023C272 /* Info.plist */ = {isa = PBXFileReference; lastKnownFileType = text.plist.xml; path = Info.plist; sourceTree = "<group>"; };
		CEDA4CF220BBF8460023C272 /* AlertView.swift */ = {isa = PBXFileReference; lastKnownFileType = sourcecode.swift; path = AlertView.swift; sourceTree = "<group>"; };
/* End PBXFileReference section */

/* Begin PBXFrameworksBuildPhase section */
		CEDA4CD820BBF5F90023C272 /* Frameworks */ = {
			isa = PBXFrameworksBuildPhase;
			buildActionMask = 2147483647;
			files = (
			);
			runOnlyForDeploymentPostprocessing = 0;
		};
/* End PBXFrameworksBuildPhase section */

/* Begin PBXGroup section */
		CEDA4CD220BBF5F90023C272 = {
			isa = PBXGroup;
			children = (
				CEDA4CDD20BBF5F90023C272 /* 20180528_4 */,
				CEDA4CDC20BBF5F90023C272 /* Products */,
			);
			sourceTree = "<group>";
		};
		CEDA4CDC20BBF5F90023C272 /* Products */ = {
			isa = PBXGroup;
			children = (
				CEDA4CDB20BBF5F90023C272 /* 20180528_4.app */,
			);
			name = Products;
			sourceTree = "<group>";
		};
		CEDA4CDD20BBF5F90023C272 /* 20180528_4 */ = {
			isa = PBXGroup;
			children = (
				CEDA4CDE20BBF5F90023C272 /* AppDelegate.swift */,
				CEDA4CE020BBF5F90023C272 /* ViewController.swift */,
				CEDA4CE220BBF5F90023C272 /* Main.storyboard */,
				CEDA4CE520BBF5FA0023C272 /* Assets.xcassets */,
				CEDA4CEA20BBF5FA0023C272 /* Info.plist */,
				CEDA4CF220BBF8460023C272 /* AlertView.swift */,
				CEDA4CE720BBF5FA0023C272 /* LaunchScreen.storyboard */,
			);
			path = 20180528_4;
			sourceTree = "<group>";
		};
/* End PBXGroup section */

/* Begin PBXNativeTarget section */
		CEDA4CDA20BBF5F90023C272 /* 20180528_4 */ = {
			isa = PBXNativeTarget;
			buildConfigurationList = CEDA4CED20BBF5FA0023C272 /* Build configuration list for PBXNativeTarget "20180528_4" */;
			buildPhases = (
				CEDA4CD720BBF5F90023C272 /* Sources */,
				CEDA4CD820BBF5F90023C272 /* Frameworks */,
				CEDA4CD920BBF5F90023C272 /* Resources */,
			);
			buildRules = (
			);
			dependencies = (
			);
			name = 20180528_4;
			productName = 20180528_4;
			productReference = CEDA4CDB20BBF5F90023C272 /* 20180528_4.app */;
			productType = "com.apple.product-type.application";
		};
/* End PBXNativeTarget section */

/* Begin PBXProject section */
		CEDA4CD320BBF5F90023C272 /* Project object */ = {
			isa = PBXProject;
			attributes = {
				LastSwiftUpdateCheck = 0940;
				LastUpgradeCheck = 0940;
				ORGANIZATIONNAME = iii;
				TargetAttributes = {
					CEDA4CDA20BBF5F90023C272 = {
						CreatedOnToolsVersion = 9.4;
					};
				};
			};
			buildConfigurationList = CEDA4CD620BBF5F90023C272 /* Build configuration list for PBXProject "20180528_4" */;
			compatibilityVersion = "Xcode 9.3";
			developmentRegion = en;
			hasScannedForEncodings = 0;
			knownRegions = (
				en,
				Base,
			);
			mainGroup = CEDA4CD220BBF5F90023C272;
			productRefGroup = CEDA4CDC20BBF5F90023C272 /* Products */;
			projectDirPath = "";
			projectRoot = "";
			targets = (
				CEDA4CDA20BBF5F90023C272 /* 20180528_4 */,
			);
		};
/* End PBXProject section */

/* Begin PBXResourcesBuildPhase section */
		CEDA4CD920BBF5F90023C272 /* Resources */ = {
			isa = PBXResourcesBuildPhase;
			buildActionMask = 2147483647;
			files = (
				CEDA4CE920BBF5FA0023C272 /* LaunchScreen.storyboard in Resources */,
				CEDA4CE620BBF5FA0023C272 /* Assets.xcassets in Resources */,
				CEDA4CE420BBF5F90023C272 /* Main.storyboard in Resources */,
			);
			runOnlyForDeploymentPostprocessing = 0;
		};
/* End PBXResourcesBuildPhase section */

/* Begin PBXSourcesBuildPhase section */
		CEDA4CD720BBF5F90023C272 /* Sources */ = {
			isa = PBXSourcesBuildPhase;
			buildActionMask = 2147483647;
			files = (
				CEDA4CE120BBF5F90023C272 /* ViewController.swift in Sources */,
				CEDA4CDF20BBF5F90023C272 /* AppDelegate.swift in Sources */,
				CEDA4CF320BBF8460023C272 /* AlertView.swift in Sources */,
			);
			runOnlyForDeploymentPostprocessing = 0;
		};
/* End PBXSourcesBuildPhase section */

/* Begin PBXVariantGroup section */
		CEDA4CE220BBF5F90023C272 /* Main.storyboard */ = {
			isa = PBXVariantGroup;
			children = (
				CEDA4CE320BBF5F90023C272 /* Base */,
			);
			name = Main.storyboard;
			sourceTree = "<group>";
		};
		CEDA4CE720BBF5FA0023C272 /* LaunchScreen.storyboard */ = {
			isa = PBXVariantGroup;
			children = (
				CEDA4CE820BBF5FA0023C272 /* Base */,
			);
			name = LaunchScreen.storyboard;
			sourceTree = "<group>";
		};
/* End PBXVariantGroup section */

/* Begin XCBuildConfiguration section */
		CEDA4CEB20BBF5FA0023C272 /* Debug */ = {
			isa = XCBuildConfiguration;
			buildSettings = {
				ALWAYS_SEARCH_USER_PATHS = NO;
				CLANG_ANALYZER_NONNULL = YES;
				CLANG_ANALYZER_NUMBER_OBJECT_CONVERSION = YES_AGGRESSIVE;
				CLANG_CXX_LANGUAGE_STANDARD = "gnu++14";
				CLANG_CXX_LIBRARY = "libc++";
				CLANG_ENABLE_MODULES = YES;
				CLANG_ENABLE_OBJC_ARC = YES;
				CLANG_ENABLE_OBJC_WEAK = YES;
				CLANG_WARN_BLOCK_CAPTURE_AUTORELEASING = YES;
				CLANG_WARN_BOOL_CONVERSION = YES;
				CLANG_WARN_COMMA = YES;
				CLANG_WARN_CONSTANT_CONVERSION = YES;
				CLANG_WARN_DEPRECATED_OBJC_IMPLEMENTATIONS = YES;
				CLANG_WARN_DIRECT_OBJC_ISA_USAGE = YES_ERROR;
				CLANG_WARN_DOCUMENTATION_COMMENTS = YES;
				CLANG_WARN_EMPTY_BODY = YES;
				CLANG_WARN_ENUM_CONVERSION = YES;
				CLANG_WARN_INFINITE_RECURSION = YES;
				CLANG_WARN_INT_CONVERSION = YES;
				CLANG_WARN_NON_LITERAL_NULL_CONVERSION = YES;
				CLANG_WARN_OBJC_IMPLICIT_RETAIN_SELF = YES;
				CLANG_WARN_OBJC_LITERAL_CONVERSION = YES;
				CLANG_WARN_OBJC_ROOT_CLASS = YES_ERROR;
				CLANG_WARN_RANGE_LOOP_ANALYSIS = YES;
				CLANG_WARN_STRICT_PROTOTYPES = YES;
				CLANG_WARN_SUSPICIOUS_MOVE = YES;
				CLANG_WARN_UNGUARDED_AVAILABILITY = YES_AGGRESSIVE;
				CLANG_WARN_UNREACHABLE_CODE = YES;
				CLANG_WARN__DUPLICATE_METHOD_MATCH = YES;
				CODE_SIGN_IDENTITY = "iPhone Developer";
				COPY_PHASE_STRIP = NO;
				DEBUG_INFORMATION_FORMAT = dwarf;
				ENABLE_STRICT_OBJC_MSGSEND = YES;
				ENABLE_TESTABILITY = YES;
				GCC_C_LANGUAGE_STANDARD = gnu11;
				GCC_DYNAMIC_NO_PIC = NO;
				GCC_NO_COMMON_BLOCKS = YES;
				GCC_OPTIMIZATION_LEVEL = 0;
				GCC_PREPROCESSOR_DEFINITIONS = (
					"DEBUG=1",
					"$(inherited)",
				);
				GCC_WARN_64_TO_32_BIT_CONVERSION = YES;
				GCC_WARN_ABOUT_RETURN_TYPE = YES_ERROR;
				GCC_WARN_UNDECLARED_SELECTOR = YES;
				GCC_WARN_UNINITIALIZED_AUTOS = YES_AGGRESSIVE;
				GCC_WARN_UNUSED_FUNCTION = YES;
				GCC_WARN_UNUSED_VARIABLE = YES;
				IPHONEOS_DEPLOYMENT_TARGET = 11.4;
				MTL_ENABLE_DEBUG_INFO = YES;
				ONLY_ACTIVE_ARCH = YES;
				SDKROOT = iphoneos;
				SWIFT_ACTIVE_COMPILATION_CONDITIONS = DEBUG;
				SWIFT_OPTIMIZATION_LEVEL = "-Onone";
			};
			name = Debug;
		};
		CEDA4CEC20BBF5FA0023C272 /* Release */ = {
			isa = XCBuildConfiguration;
			buildSettings = {
				ALWAYS_SEARCH_USER_PATHS = NO;
				CLANG_ANALYZER_NONNULL = YES;
				CLANG_ANALYZER_NUMBER_OBJECT_CONVERSION = YES_AGGRESSIVE;
				CLANG_CXX_LANGUAGE_STANDARD = "gnu++14";
				CLANG_CXX_LIBRARY = "libc++";
				CLANG_ENABLE_MODULES = YES;
				CLANG_ENABLE_OBJC_ARC = YES;
				CLANG_ENABLE_OBJC_WEAK = YES;
				CLANG_WARN_BLOCK_CAPTURE_AUTORELEASING = YES;
				CLANG_WARN_BOOL_CONVERSION = YES;
				CLANG_WARN_COMMA = YES;
				CLANG_WARN_CONSTANT_CONVERSION = YES;
				CLANG_WARN_DEPRECATED_OBJC_IMPLEMENTATIONS = YES;
				CLANG_WARN_DIRECT_OBJC_ISA_USAGE = YES_ERROR;
				CLANG_WARN_DOCUMENTATION_COMMENTS = YES;
				CLANG_WARN_EMPTY_BODY = YES;
				CLANG_WARN_ENUM_CONVERSION = YES;
				CLANG_WARN_INFINITE_RECURSION = YES;
				CLANG_WARN_INT_CONVERSION = YES;
				CLANG_WARN_NON_LITERAL_NULL_CONVERSION = YES;
				CLANG_WARN_OBJC_IMPLICIT_RETAIN_SELF = YES;
				CLANG_WARN_OBJC_LITERAL_CONVERSION = YES;
				CLANG_WARN_OBJC_ROOT_CLASS = YES_ERROR;
				CLANG_WARN_RANGE_LOOP_ANALYSIS = YES;
				CLANG_WARN_STRICT_PROTOTYPES = YES;
				CLANG_WARN_SUSPICIOUS_MOVE = YES;
				CLANG_WARN_UNGUARDED_AVAILABILITY = YES_AGGRESSIVE;
				CLANG_WARN_UNREACHABLE_CODE = YES;
				CLANG_WARN__DUPLICATE_METHOD_MATCH = YES;
				CODE_SIGN_IDENTITY = "iPhone Developer";
				COPY_PHASE_STRIP = NO;
				DEBUG_INFORMATION_FORMAT = "dwarf-with-dsym";
				ENABLE_NS_ASSERTIONS = NO;
				ENABLE_STRICT_OBJC_MSGSEND = YES;
				GCC_C_LANGUAGE_STANDARD = gnu11;
				GCC_NO_COMMON_BLOCKS = YES;
				GCC_WARN_64_TO_32_BIT_CONVERSION = YES;
				GCC_WARN_ABOUT_RETURN_TYPE = YES_ERROR;
				GCC_WARN_UNDECLARED_SELECTOR = YES;
				GCC_WARN_UNINITIALIZED_AUTOS = YES_AGGRESSIVE;
				GCC_WARN_UNUSED_FUNCTION = YES;
				GCC_WARN_UNUSED_VARIABLE = YES;
				IPHONEOS_DEPLOYMENT_TARGET = 11.4;
				MTL_ENABLE_DEBUG_INFO = NO;
				SDKROOT = iphoneos;
				SWIFT_COMPILATION_MODE = wholemodule;
				SWIFT_OPTIMIZATION_LEVEL = "-O";
				VALIDATE_PRODUCT = YES;
			};
			name = Release;
		};
		CEDA4CEE20BBF5FA0023C272 /* Debug */ = {
			isa = XCBuildConfiguration;
			buildSettings = {
				ASSETCATALOG_COMPILER_APPICON_NAME = AppIcon;
				CODE_SIGN_STYLE = Automatic;
				DEVELOPMENT_TEAM = VB8HM5AT88;
				INFOPLIST_FILE = 20180528_4/Info.plist;
				LD_RUNPATH_SEARCH_PATHS = (
					"$(inherited)",
					"@executable_path/Frameworks",
				);
				PRODUCT_BUNDLE_IDENTIFIER = "tw.iii.-0180528-4";
				PRODUCT_NAME = "$(TARGET_NAME)";
				SWIFT_VERSION = 4.0;
				TARGETED_DEVICE_FAMILY = "1,2";
			};
			name = Debug;
		};
		CEDA4CEF20BBF5FA0023C272 /* Release */ = {
			isa = XCBuildConfiguration;
			buildSettings = {
				ASSETCATALOG_COMPILER_APPICON_NAME = AppIcon;
				CODE_SIGN_STYLE = Automatic;
				DEVELOPMENT_TEAM = VB8HM5AT88;
				INFOPLIST_FILE = 20180528_4/Info.plist;
				LD_RUNPATH_SEARCH_PATHS = (
					"$(inherited)",
					"@executable_path/Frameworks",
				);
				PRODUCT_BUNDLE_IDENTIFIER = "tw.iii.-0180528-4";
				PRODUCT_NAME = "$(TARGET_NAME)";
				SWIFT_VERSION = 4.0;
				TARGETED_DEVICE_FAMILY = "1,2";
			};
			name = Release;
		};
/* End XCBuildConfiguration section */

/* Begin XCConfigurationList section */
		CEDA4CD620BBF5F90023C272 /* Build configuration list for PBXProject "20180528_4" */ = {
			isa = XCConfigurationList;
			buildConfigurations = (
				CEDA4CEB20BBF5FA0023C272 /* Debug */,
				CEDA4CEC20BBF5FA0023C272 /* Release */,
			);
			defaultConfigurationIsVisible = 0;
			defaultConfigurationName = Release;
		};
		CEDA4CED20BBF5FA0023C272 /* Build configuration list for PBXNativeTarget "20180528_4" */ = {
			isa = XCConfigurationList;
			buildConfigurations = (
				CEDA4CEE20BBF5FA0023C272 /* Debug */,
				CEDA4CEF20BBF5FA0023C272 /* Release */,
			);
			defaultConfigurationIsVisible = 0;
			defaultConfigurationName = Release;
		};
/* End XCConfigurationList section */
	};
	rootObject = CEDA4CD320BBF5F90023C272 /* Project object */;
}
