// !$*UTF8*$!
{
	archiveVersion = 1;
	classes = {
	};
	objectVersion = 50;
	objects = {

/* Begin PBXBuildFile section */
		ACA7A1B020D0AE7800A9B365 /* AppDelegate.swift in Sources */ = {isa = PBXBuildFile; fileRef = ACA7A1AF20D0AE7800A9B365 /* AppDelegate.swift */; };
		ACA7A1B220D0AE7800A9B365 /* ViewController.swift in Sources */ = {isa = PBXBuildFile; fileRef = ACA7A1B120D0AE7800A9B365 /* ViewController.swift */; };
		ACA7A1B520D0AE7800A9B365 /* Main.storyboard in Resources */ = {isa = PBXBuildFile; fileRef = ACA7A1B320D0AE7800A9B365 /* Main.storyboard */; };
		ACA7A1B720D0AE7900A9B365 /* Assets.xcassets in Resources */ = {isa = PBXBuildFile; fileRef = ACA7A1B620D0AE7900A9B365 /* Assets.xcassets */; };
		ACA7A1BA20D0AE7900A9B365 /* LaunchScreen.storyboard in Resources */ = {isa = PBXBuildFile; fileRef = ACA7A1B820D0AE7900A9B365 /* LaunchScreen.storyboard */; };
/* End PBXBuildFile section */

/* Begin PBXFileReference section */
		ACA7A1AC20D0AE7800A9B365 /* 20180613_1_test_DateToString.app */ = {isa = PBXFileReference; explicitFileType = wrapper.application; includeInIndex = 0; path = 20180613_1_test_DateToString.app; sourceTree = BUILT_PRODUCTS_DIR; };
		ACA7A1AF20D0AE7800A9B365 /* AppDelegate.swift */ = {isa = PBXFileReference; lastKnownFileType = sourcecode.swift; path = AppDelegate.swift; sourceTree = "<group>"; };
		ACA7A1B120D0AE7800A9B365 /* ViewController.swift */ = {isa = PBXFileReference; lastKnownFileType = sourcecode.swift; path = ViewController.swift; sourceTree = "<group>"; };
		ACA7A1B420D0AE7800A9B365 /* Base */ = {isa = PBXFileReference; lastKnownFileType = file.storyboard; name = Base; path = Base.lproj/Main.storyboard; sourceTree = "<group>"; };
		ACA7A1B620D0AE7900A9B365 /* Assets.xcassets */ = {isa = PBXFileReference; lastKnownFileType = folder.assetcatalog; path = Assets.xcassets; sourceTree = "<group>"; };
		ACA7A1B920D0AE7900A9B365 /* Base */ = {isa = PBXFileReference; lastKnownFileType = file.storyboard; name = Base; path = Base.lproj/LaunchScreen.storyboard; sourceTree = "<group>"; };
		ACA7A1BB20D0AE7A00A9B365 /* Info.plist */ = {isa = PBXFileReference; lastKnownFileType = text.plist.xml; path = Info.plist; sourceTree = "<group>"; };
/* End PBXFileReference section */

/* Begin PBXFrameworksBuildPhase section */
		ACA7A1A920D0AE7800A9B365 /* Frameworks */ = {
			isa = PBXFrameworksBuildPhase;
			buildActionMask = 2147483647;
			files = (
			);
			runOnlyForDeploymentPostprocessing = 0;
		};
/* End PBXFrameworksBuildPhase section */

/* Begin PBXGroup section */
		ACA7A1A320D0AE7700A9B365 = {
			isa = PBXGroup;
			children = (
				ACA7A1AE20D0AE7800A9B365 /* 20180613_1_test_DateToString */,
				ACA7A1AD20D0AE7800A9B365 /* Products */,
			);
			sourceTree = "<group>";
		};
		ACA7A1AD20D0AE7800A9B365 /* Products */ = {
			isa = PBXGroup;
			children = (
				ACA7A1AC20D0AE7800A9B365 /* 20180613_1_test_DateToString.app */,
			);
			name = Products;
			sourceTree = "<group>";
		};
		ACA7A1AE20D0AE7800A9B365 /* 20180613_1_test_DateToString */ = {
			isa = PBXGroup;
			children = (
				ACA7A1AF20D0AE7800A9B365 /* AppDelegate.swift */,
				ACA7A1B120D0AE7800A9B365 /* ViewController.swift */,
				ACA7A1B320D0AE7800A9B365 /* Main.storyboard */,
				ACA7A1B620D0AE7900A9B365 /* Assets.xcassets */,
				ACA7A1B820D0AE7900A9B365 /* LaunchScreen.storyboard */,
				ACA7A1BB20D0AE7A00A9B365 /* Info.plist */,
			);
			path = 20180613_1_test_DateToString;
			sourceTree = "<group>";
		};
/* End PBXGroup section */

/* Begin PBXNativeTarget section */
		ACA7A1AB20D0AE7800A9B365 /* 20180613_1_test_DateToString */ = {
			isa = PBXNativeTarget;
			buildConfigurationList = ACA7A1BE20D0AE7A00A9B365 /* Build configuration list for PBXNativeTarget "20180613_1_test_DateToString" */;
			buildPhases = (
				ACA7A1A820D0AE7800A9B365 /* Sources */,
				ACA7A1A920D0AE7800A9B365 /* Frameworks */,
				ACA7A1AA20D0AE7800A9B365 /* Resources */,
			);
			buildRules = (
			);
			dependencies = (
			);
			name = 20180613_1_test_DateToString;
			productName = 20180613_1_test_DateToString;
			productReference = ACA7A1AC20D0AE7800A9B365 /* 20180613_1_test_DateToString.app */;
			productType = "com.apple.product-type.application";
		};
/* End PBXNativeTarget section */

/* Begin PBXProject section */
		ACA7A1A420D0AE7700A9B365 /* Project object */ = {
			isa = PBXProject;
			attributes = {
				LastSwiftUpdateCheck = 0940;
				LastUpgradeCheck = 0940;
				ORGANIZATIONNAME = Yen;
				TargetAttributes = {
					ACA7A1AB20D0AE7800A9B365 = {
						CreatedOnToolsVersion = 9.4;
					};
				};
			};
			buildConfigurationList = ACA7A1A720D0AE7700A9B365 /* Build configuration list for PBXProject "20180613_1_test_DateToString" */;
			compatibilityVersion = "Xcode 9.3";
			developmentRegion = en;
			hasScannedForEncodings = 0;
			knownRegions = (
				en,
				Base,
			);
			mainGroup = ACA7A1A320D0AE7700A9B365;
			productRefGroup = ACA7A1AD20D0AE7800A9B365 /* Products */;
			projectDirPath = "";
			projectRoot = "";
			targets = (
				ACA7A1AB20D0AE7800A9B365 /* 20180613_1_test_DateToString */,
			);
		};
/* End PBXProject section */

/* Begin PBXResourcesBuildPhase section */
		ACA7A1AA20D0AE7800A9B365 /* Resources */ = {
			isa = PBXResourcesBuildPhase;
			buildActionMask = 2147483647;
			files = (
				ACA7A1BA20D0AE7900A9B365 /* LaunchScreen.storyboard in Resources */,
				ACA7A1B720D0AE7900A9B365 /* Assets.xcassets in Resources */,
				ACA7A1B520D0AE7800A9B365 /* Main.storyboard in Resources */,
			);
			runOnlyForDeploymentPostprocessing = 0;
		};
/* End PBXResourcesBuildPhase section */

/* Begin PBXSourcesBuildPhase section */
		ACA7A1A820D0AE7800A9B365 /* Sources */ = {
			isa = PBXSourcesBuildPhase;
			buildActionMask = 2147483647;
			files = (
				ACA7A1B220D0AE7800A9B365 /* ViewController.swift in Sources */,
				ACA7A1B020D0AE7800A9B365 /* AppDelegate.swift in Sources */,
			);
			runOnlyForDeploymentPostprocessing = 0;
		};
/* End PBXSourcesBuildPhase section */

/* Begin PBXVariantGroup section */
		ACA7A1B320D0AE7800A9B365 /* Main.storyboard */ = {
			isa = PBXVariantGroup;
			children = (
				ACA7A1B420D0AE7800A9B365 /* Base */,
			);
			name = Main.storyboard;
			sourceTree = "<group>";
		};
		ACA7A1B820D0AE7900A9B365 /* LaunchScreen.storyboard */ = {
			isa = PBXVariantGroup;
			children = (
				ACA7A1B920D0AE7900A9B365 /* Base */,
			);
			name = LaunchScreen.storyboard;
			sourceTree = "<group>";
		};
/* End PBXVariantGroup section */

/* Begin XCBuildConfiguration section */
		ACA7A1BC20D0AE7A00A9B365 /* Debug */ = {
			isa = XCBuildConfiguration;
			buildSettings = {
				ALWAYS_SEARCH_USER_PATHS = NO;
				CLANG_ANALYZER_NONNULL = YES;
				CLANG_ANALYZER_NUMBER_OBJECT_CONVERSION = YES_AGGRESSIVE;
				CLANG_CXX_LANGUAGE_STANDARD = "gnu++14";
				CLANG_CXX_LIBRARY = "libc++";
				CLANG_ENABLE_MODULES = YES;
				CLANG_ENABLE_OBJC_ARC = YES;
				CLANG_ENABLE_OBJC_WEAK = YES;
				CLANG_WARN_BLOCK_CAPTURE_AUTORELEASING = YES;
				CLANG_WARN_BOOL_CONVERSION = YES;
				CLANG_WARN_COMMA = YES;
				CLANG_WARN_CONSTANT_CONVERSION = YES;
				CLANG_WARN_DEPRECATED_OBJC_IMPLEMENTATIONS = YES;
				CLANG_WARN_DIRECT_OBJC_ISA_USAGE = YES_ERROR;
				CLANG_WARN_DOCUMENTATION_COMMENTS = YES;
				CLANG_WARN_EMPTY_BODY = YES;
				CLANG_WARN_ENUM_CONVERSION = YES;
				CLANG_WARN_INFINITE_RECURSION = YES;
				CLANG_WARN_INT_CONVERSION = YES;
				CLANG_WARN_NON_LITERAL_NULL_CONVERSION = YES;
				CLANG_WARN_OBJC_IMPLICIT_RETAIN_SELF = YES;
				CLANG_WARN_OBJC_LITERAL_CONVERSION = YES;
				CLANG_WARN_OBJC_ROOT_CLASS = YES_ERROR;
				CLANG_WARN_RANGE_LOOP_ANALYSIS = YES;
				CLANG_WARN_STRICT_PROTOTYPES = YES;
				CLANG_WARN_SUSPICIOUS_MOVE = YES;
				CLANG_WARN_UNGUARDED_AVAILABILITY = YES_AGGRESSIVE;
				CLANG_WARN_UNREACHABLE_CODE = YES;
				CLANG_WARN__DUPLICATE_METHOD_MATCH = YES;
				CODE_SIGN_IDENTITY = "iPhone Developer";
				COPY_PHASE_STRIP = NO;
				DEBUG_INFORMATION_FORMAT = dwarf;
				ENABLE_STRICT_OBJC_MSGSEND = YES;
				ENABLE_TESTABILITY = YES;
				GCC_C_LANGUAGE_STANDARD = gnu11;
				GCC_DYNAMIC_NO_PIC = NO;
				GCC_NO_COMMON_BLOCKS = YES;
				GCC_OPTIMIZATION_LEVEL = 0;
				GCC_PREPROCESSOR_DEFINITIONS = (
					"DEBUG=1",
					"$(inherited)",
				);
				GCC_WARN_64_TO_32_BIT_CONVERSION = YES;
				GCC_WARN_ABOUT_RETURN_TYPE = YES_ERROR;
				GCC_WARN_UNDECLARED_SELECTOR = YES;
				GCC_WARN_UNINITIALIZED_AUTOS = YES_AGGRESSIVE;
				GCC_WARN_UNUSED_FUNCTION = YES;
				GCC_WARN_UNUSED_VARIABLE = YES;
				IPHONEOS_DEPLOYMENT_TARGET = 11.4;
				MTL_ENABLE_DEBUG_INFO = YES;
				ONLY_ACTIVE_ARCH = YES;
				SDKROOT = iphoneos;
				SWIFT_ACTIVE_COMPILATION_CONDITIONS = DEBUG;
				SWIFT_OPTIMIZATION_LEVEL = "-Onone";
			};
			name = Debug;
		};
		ACA7A1BD20D0AE7A00A9B365 /* Release */ = {
			isa = XCBuildConfiguration;
			buildSettings = {
				ALWAYS_SEARCH_USER_PATHS = NO;
				CLANG_ANALYZER_NONNULL = YES;
				CLANG_ANALYZER_NUMBER_OBJECT_CONVERSION = YES_AGGRESSIVE;
				CLANG_CXX_LANGUAGE_STANDARD = "gnu++14";
				CLANG_CXX_LIBRARY = "libc++";
				CLANG_ENABLE_MODULES = YES;
				CLANG_ENABLE_OBJC_ARC = YES;
				CLANG_ENABLE_OBJC_WEAK = YES;
				CLANG_WARN_BLOCK_CAPTURE_AUTORELEASING = YES;
				CLANG_WARN_BOOL_CONVERSION = YES;
				CLANG_WARN_COMMA = YES;
				CLANG_WARN_CONSTANT_CONVERSION = YES;
				CLANG_WARN_DEPRECATED_OBJC_IMPLEMENTATIONS = YES;
				CLANG_WARN_DIRECT_OBJC_ISA_USAGE = YES_ERROR;
				CLANG_WARN_DOCUMENTATION_COMMENTS = YES;
				CLANG_WARN_EMPTY_BODY = YES;
				CLANG_WARN_ENUM_CONVERSION = YES;
				CLANG_WARN_INFINITE_RECURSION = YES;
				CLANG_WARN_INT_CONVERSION = YES;
				CLANG_WARN_NON_LITERAL_NULL_CONVERSION = YES;
				CLANG_WARN_OBJC_IMPLICIT_RETAIN_SELF = YES;
				CLANG_WARN_OBJC_LITERAL_CONVERSION = YES;
				CLANG_WARN_OBJC_ROOT_CLASS = YES_ERROR;
				CLANG_WARN_RANGE_LOOP_ANALYSIS = YES;
				CLANG_WARN_STRICT_PROTOTYPES = YES;
				CLANG_WARN_SUSPICIOUS_MOVE = YES;
				CLANG_WARN_UNGUARDED_AVAILABILITY = YES_AGGRESSIVE;
				CLANG_WARN_UNREACHABLE_CODE = YES;
				CLANG_WARN__DUPLICATE_METHOD_MATCH = YES;
				CODE_SIGN_IDENTITY = "iPhone Developer";
				COPY_PHASE_STRIP = NO;
				DEBUG_INFORMATION_FORMAT = "dwarf-with-dsym";
				ENABLE_NS_ASSERTIONS = NO;
				ENABLE_STRICT_OBJC_MSGSEND = YES;
				GCC_C_LANGUAGE_STANDARD = gnu11;
				GCC_NO_COMMON_BLOCKS = YES;
				GCC_WARN_64_TO_32_BIT_CONVERSION = YES;
				GCC_WARN_ABOUT_RETURN_TYPE = YES_ERROR;
				GCC_WARN_UNDECLARED_SELECTOR = YES;
				GCC_WARN_UNINITIALIZED_AUTOS = YES_AGGRESSIVE;
				GCC_WARN_UNUSED_FUNCTION = YES;
				GCC_WARN_UNUSED_VARIABLE = YES;
				IPHONEOS_DEPLOYMENT_TARGET = 11.4;
				MTL_ENABLE_DEBUG_INFO = NO;
				SDKROOT = iphoneos;
				SWIFT_COMPILATION_MODE = wholemodule;
				SWIFT_OPTIMIZATION_LEVEL = "-O";
				VALIDATE_PRODUCT = YES;
			};
			name = Release;
		};
		ACA7A1BF20D0AE7A00A9B365 /* Debug */ = {
			isa = XCBuildConfiguration;
			buildSettings = {
				ASSETCATALOG_COMPILER_APPICON_NAME = AppIcon;
				CODE_SIGN_STYLE = Automatic;
				DEVELOPMENT_TEAM = 76T5KWEPVV;
				INFOPLIST_FILE = 20180613_1_test_DateToString/Info.plist;
				LD_RUNPATH_SEARCH_PATHS = (
					"$(inherited)",
					"@executable_path/Frameworks",
				);
				PRODUCT_BUNDLE_IDENTIFIER = "tw.iii.-0180613-1-test-DateToString";
				PRODUCT_NAME = "$(TARGET_NAME)";
				SWIFT_VERSION = 4.0;
				TARGETED_DEVICE_FAMILY = "1,2";
			};
			name = Debug;
		};
		ACA7A1C020D0AE7A00A9B365 /* Release */ = {
			isa = XCBuildConfiguration;
			buildSettings = {
				ASSETCATALOG_COMPILER_APPICON_NAME = AppIcon;
				CODE_SIGN_STYLE = Automatic;
				DEVELOPMENT_TEAM = 76T5KWEPVV;
				INFOPLIST_FILE = 20180613_1_test_DateToString/Info.plist;
				LD_RUNPATH_SEARCH_PATHS = (
					"$(inherited)",
					"@executable_path/Frameworks",
				);
				PRODUCT_BUNDLE_IDENTIFIER = "tw.iii.-0180613-1-test-DateToString";
				PRODUCT_NAME = "$(TARGET_NAME)";
				SWIFT_VERSION = 4.0;
				TARGETED_DEVICE_FAMILY = "1,2";
			};
			name = Release;
		};
/* End XCBuildConfiguration section */

/* Begin XCConfigurationList section */
		ACA7A1A720D0AE7700A9B365 /* Build configuration list for PBXProject "20180613_1_test_DateToString" */ = {
			isa = XCConfigurationList;
			buildConfigurations = (
				ACA7A1BC20D0AE7A00A9B365 /* Debug */,
				ACA7A1BD20D0AE7A00A9B365 /* Release */,
			);
			defaultConfigurationIsVisible = 0;
			defaultConfigurationName = Release;
		};
		ACA7A1BE20D0AE7A00A9B365 /* Build configuration list for PBXNativeTarget "20180613_1_test_DateToString" */ = {
			isa = XCConfigurationList;
			buildConfigurations = (
				ACA7A1BF20D0AE7A00A9B365 /* Debug */,
				ACA7A1C020D0AE7A00A9B365 /* Release */,
			);
			defaultConfigurationIsVisible = 0;
			defaultConfigurationName = Release;
		};
/* End XCConfigurationList section */
	};
	rootObject = ACA7A1A420D0AE7700A9B365 /* Project object */;
}
