// !$*UTF8*$!
{
	archiveVersion = 1;
	classes = {
	};
	objectVersion = 50;
	objects = {

/* Begin PBXBuildFile section */
		AC90087C20C8BC5900D788CF /* AppDelegate.swift in Sources */ = {isa = PBXBuildFile; fileRef = AC90087B20C8BC5900D788CF /* AppDelegate.swift */; };
		AC90087E20C8BC5900D788CF /* ViewController.swift in Sources */ = {isa = PBXBuildFile; fileRef = AC90087D20C8BC5900D788CF /* ViewController.swift */; };
		AC90088120C8BC5900D788CF /* Main.storyboard in Resources */ = {isa = PBXBuildFile; fileRef = AC90087F20C8BC5900D788CF /* Main.storyboard */; };
		AC90088320C8BC5A00D788CF /* Assets.xcassets in Resources */ = {isa = PBXBuildFile; fileRef = AC90088220C8BC5A00D788CF /* Assets.xcassets */; };
		AC90088620C8BC5A00D788CF /* LaunchScreen.storyboard in Resources */ = {isa = PBXBuildFile; fileRef = AC90088420C8BC5A00D788CF /* LaunchScreen.storyboard */; };
		AC90088E20C8C40D00D788CF /* CircleViewController.swift in Sources */ = {isa = PBXBuildFile; fileRef = AC90088D20C8C40D00D788CF /* CircleViewController.swift */; };
		AC90089020C8DAAB00D788CF /* MyChartViewController.swift in Sources */ = {isa = PBXBuildFile; fileRef = AC90088F20C8DAAB00D788CF /* MyChartViewController.swift */; };
/* End PBXBuildFile section */

/* Begin PBXFileReference section */
		AC90087820C8BC5900D788CF /* 20180607_layer_shape.app */ = {isa = PBXFileReference; explicitFileType = wrapper.application; includeInIndex = 0; path = 20180607_layer_shape.app; sourceTree = BUILT_PRODUCTS_DIR; };
		AC90087B20C8BC5900D788CF /* AppDelegate.swift */ = {isa = PBXFileReference; lastKnownFileType = sourcecode.swift; path = AppDelegate.swift; sourceTree = "<group>"; };
		AC90087D20C8BC5900D788CF /* ViewController.swift */ = {isa = PBXFileReference; lastKnownFileType = sourcecode.swift; path = ViewController.swift; sourceTree = "<group>"; };
		AC90088020C8BC5900D788CF /* Base */ = {isa = PBXFileReference; lastKnownFileType = file.storyboard; name = Base; path = Base.lproj/Main.storyboard; sourceTree = "<group>"; };
		AC90088220C8BC5A00D788CF /* Assets.xcassets */ = {isa = PBXFileReference; lastKnownFileType = folder.assetcatalog; path = Assets.xcassets; sourceTree = "<group>"; };
		AC90088520C8BC5A00D788CF /* Base */ = {isa = PBXFileReference; lastKnownFileType = file.storyboard; name = Base; path = Base.lproj/LaunchScreen.storyboard; sourceTree = "<group>"; };
		AC90088720C8BC5A00D788CF /* Info.plist */ = {isa = PBXFileReference; lastKnownFileType = text.plist.xml; path = Info.plist; sourceTree = "<group>"; };
		AC90088D20C8C40D00D788CF /* CircleViewController.swift */ = {isa = PBXFileReference; lastKnownFileType = sourcecode.swift; path = CircleViewController.swift; sourceTree = "<group>"; };
		AC90088F20C8DAAB00D788CF /* MyChartViewController.swift */ = {isa = PBXFileReference; lastKnownFileType = sourcecode.swift; path = MyChartViewController.swift; sourceTree = "<group>"; };
/* End PBXFileReference section */

/* Begin PBXFrameworksBuildPhase section */
		AC90087520C8BC5900D788CF /* Frameworks */ = {
			isa = PBXFrameworksBuildPhase;
			buildActionMask = 2147483647;
			files = (
			);
			runOnlyForDeploymentPostprocessing = 0;
		};
/* End PBXFrameworksBuildPhase section */

/* Begin PBXGroup section */
		AC90086F20C8BC5900D788CF = {
			isa = PBXGroup;
			children = (
				AC90087A20C8BC5900D788CF /* 20180607_layer_shape */,
				AC90087920C8BC5900D788CF /* Products */,
			);
			sourceTree = "<group>";
		};
		AC90087920C8BC5900D788CF /* Products */ = {
			isa = PBXGroup;
			children = (
				AC90087820C8BC5900D788CF /* 20180607_layer_shape.app */,
			);
			name = Products;
			sourceTree = "<group>";
		};
		AC90087A20C8BC5900D788CF /* 20180607_layer_shape */ = {
			isa = PBXGroup;
			children = (
				AC90087B20C8BC5900D788CF /* AppDelegate.swift */,
				AC90087D20C8BC5900D788CF /* ViewController.swift */,
				AC90088D20C8C40D00D788CF /* CircleViewController.swift */,
				AC90088F20C8DAAB00D788CF /* MyChartViewController.swift */,
				AC90087F20C8BC5900D788CF /* Main.storyboard */,
				AC90088220C8BC5A00D788CF /* Assets.xcassets */,
				AC90088420C8BC5A00D788CF /* LaunchScreen.storyboard */,
				AC90088720C8BC5A00D788CF /* Info.plist */,
			);
			path = 20180607_layer_shape;
			sourceTree = "<group>";
		};
/* End PBXGroup section */

/* Begin PBXNativeTarget section */
		AC90087720C8BC5900D788CF /* 20180607_layer_shape */ = {
			isa = PBXNativeTarget;
			buildConfigurationList = AC90088A20C8BC5A00D788CF /* Build configuration list for PBXNativeTarget "20180607_layer_shape" */;
			buildPhases = (
				AC90087420C8BC5900D788CF /* Sources */,
				AC90087520C8BC5900D788CF /* Frameworks */,
				AC90087620C8BC5900D788CF /* Resources */,
			);
			buildRules = (
			);
			dependencies = (
			);
			name = 20180607_layer_shape;
			productName = 20180607_layer_shape;
			productReference = AC90087820C8BC5900D788CF /* 20180607_layer_shape.app */;
			productType = "com.apple.product-type.application";
		};
/* End PBXNativeTarget section */

/* Begin PBXProject section */
		AC90087020C8BC5900D788CF /* Project object */ = {
			isa = PBXProject;
			attributes = {
				LastSwiftUpdateCheck = 0940;
				LastUpgradeCheck = 0940;
				ORGANIZATIONNAME = Yen;
				TargetAttributes = {
					AC90087720C8BC5900D788CF = {
						CreatedOnToolsVersion = 9.4;
					};
				};
			};
			buildConfigurationList = AC90087320C8BC5900D788CF /* Build configuration list for PBXProject "20180607_layer_shape" */;
			compatibilityVersion = "Xcode 9.3";
			developmentRegion = en;
			hasScannedForEncodings = 0;
			knownRegions = (
				en,
				Base,
			);
			mainGroup = AC90086F20C8BC5900D788CF;
			productRefGroup = AC90087920C8BC5900D788CF /* Products */;
			projectDirPath = "";
			projectRoot = "";
			targets = (
				AC90087720C8BC5900D788CF /* 20180607_layer_shape */,
			);
		};
/* End PBXProject section */

/* Begin PBXResourcesBuildPhase section */
		AC90087620C8BC5900D788CF /* Resources */ = {
			isa = PBXResourcesBuildPhase;
			buildActionMask = 2147483647;
			files = (
				AC90088620C8BC5A00D788CF /* LaunchScreen.storyboard in Resources */,
				AC90088320C8BC5A00D788CF /* Assets.xcassets in Resources */,
				AC90088120C8BC5900D788CF /* Main.storyboard in Resources */,
			);
			runOnlyForDeploymentPostprocessing = 0;
		};
/* End PBXResourcesBuildPhase section */

/* Begin PBXSourcesBuildPhase section */
		AC90087420C8BC5900D788CF /* Sources */ = {
			isa = PBXSourcesBuildPhase;
			buildActionMask = 2147483647;
			files = (
				AC90087E20C8BC5900D788CF /* ViewController.swift in Sources */,
				AC90089020C8DAAB00D788CF /* MyChartViewController.swift in Sources */,
				AC90087C20C8BC5900D788CF /* AppDelegate.swift in Sources */,
				AC90088E20C8C40D00D788CF /* CircleViewController.swift in Sources */,
			);
			runOnlyForDeploymentPostprocessing = 0;
		};
/* End PBXSourcesBuildPhase section */

/* Begin PBXVariantGroup section */
		AC90087F20C8BC5900D788CF /* Main.storyboard */ = {
			isa = PBXVariantGroup;
			children = (
				AC90088020C8BC5900D788CF /* Base */,
			);
			name = Main.storyboard;
			sourceTree = "<group>";
		};
		AC90088420C8BC5A00D788CF /* LaunchScreen.storyboard */ = {
			isa = PBXVariantGroup;
			children = (
				AC90088520C8BC5A00D788CF /* Base */,
			);
			name = LaunchScreen.storyboard;
			sourceTree = "<group>";
		};
/* End PBXVariantGroup section */

/* Begin XCBuildConfiguration section */
		AC90088820C8BC5A00D788CF /* Debug */ = {
			isa = XCBuildConfiguration;
			buildSettings = {
				ALWAYS_SEARCH_USER_PATHS = NO;
				CLANG_ANALYZER_NONNULL = YES;
				CLANG_ANALYZER_NUMBER_OBJECT_CONVERSION = YES_AGGRESSIVE;
				CLANG_CXX_LANGUAGE_STANDARD = "gnu++14";
				CLANG_CXX_LIBRARY = "libc++";
				CLANG_ENABLE_MODULES = YES;
				CLANG_ENABLE_OBJC_ARC = YES;
				CLANG_ENABLE_OBJC_WEAK = YES;
				CLANG_WARN_BLOCK_CAPTURE_AUTORELEASING = YES;
				CLANG_WARN_BOOL_CONVERSION = YES;
				CLANG_WARN_COMMA = YES;
				CLANG_WARN_CONSTANT_CONVERSION = YES;
				CLANG_WARN_DEPRECATED_OBJC_IMPLEMENTATIONS = YES;
				CLANG_WARN_DIRECT_OBJC_ISA_USAGE = YES_ERROR;
				CLANG_WARN_DOCUMENTATION_COMMENTS = YES;
				CLANG_WARN_EMPTY_BODY = YES;
				CLANG_WARN_ENUM_CONVERSION = YES;
				CLANG_WARN_INFINITE_RECURSION = YES;
				CLANG_WARN_INT_CONVERSION = YES;
				CLANG_WARN_NON_LITERAL_NULL_CONVERSION = YES;
				CLANG_WARN_OBJC_IMPLICIT_RETAIN_SELF = YES;
				CLANG_WARN_OBJC_LITERAL_CONVERSION = YES;
				CLANG_WARN_OBJC_ROOT_CLASS = YES_ERROR;
				CLANG_WARN_RANGE_LOOP_ANALYSIS = YES;
				CLANG_WARN_STRICT_PROTOTYPES = YES;
				CLANG_WARN_SUSPICIOUS_MOVE = YES;
				CLANG_WARN_UNGUARDED_AVAILABILITY = YES_AGGRESSIVE;
				CLANG_WARN_UNREACHABLE_CODE = YES;
				CLANG_WARN__DUPLICATE_METHOD_MATCH = YES;
				CODE_SIGN_IDENTITY = "iPhone Developer";
				COPY_PHASE_STRIP = NO;
				DEBUG_INFORMATION_FORMAT = dwarf;
				ENABLE_STRICT_OBJC_MSGSEND = YES;
				ENABLE_TESTABILITY = YES;
				GCC_C_LANGUAGE_STANDARD = gnu11;
				GCC_DYNAMIC_NO_PIC = NO;
				GCC_NO_COMMON_BLOCKS = YES;
				GCC_OPTIMIZATION_LEVEL = 0;
				GCC_PREPROCESSOR_DEFINITIONS = (
					"DEBUG=1",
					"$(inherited)",
				);
				GCC_WARN_64_TO_32_BIT_CONVERSION = YES;
				GCC_WARN_ABOUT_RETURN_TYPE = YES_ERROR;
				GCC_WARN_UNDECLARED_SELECTOR = YES;
				GCC_WARN_UNINITIALIZED_AUTOS = YES_AGGRESSIVE;
				GCC_WARN_UNUSED_FUNCTION = YES;
				GCC_WARN_UNUSED_VARIABLE = YES;
				IPHONEOS_DEPLOYMENT_TARGET = 11.4;
				MTL_ENABLE_DEBUG_INFO = YES;
				ONLY_ACTIVE_ARCH = YES;
				SDKROOT = iphoneos;
				SWIFT_ACTIVE_COMPILATION_CONDITIONS = DEBUG;
				SWIFT_OPTIMIZATION_LEVEL = "-Onone";
			};
			name = Debug;
		};
		AC90088920C8BC5A00D788CF /* Release */ = {
			isa = XCBuildConfiguration;
			buildSettings = {
				ALWAYS_SEARCH_USER_PATHS = NO;
				CLANG_ANALYZER_NONNULL = YES;
				CLANG_ANALYZER_NUMBER_OBJECT_CONVERSION = YES_AGGRESSIVE;
				CLANG_CXX_LANGUAGE_STANDARD = "gnu++14";
				CLANG_CXX_LIBRARY = "libc++";
				CLANG_ENABLE_MODULES = YES;
				CLANG_ENABLE_OBJC_ARC = YES;
				CLANG_ENABLE_OBJC_WEAK = YES;
				CLANG_WARN_BLOCK_CAPTURE_AUTORELEASING = YES;
				CLANG_WARN_BOOL_CONVERSION = YES;
				CLANG_WARN_COMMA = YES;
				CLANG_WARN_CONSTANT_CONVERSION = YES;
				CLANG_WARN_DEPRECATED_OBJC_IMPLEMENTATIONS = YES;
				CLANG_WARN_DIRECT_OBJC_ISA_USAGE = YES_ERROR;
				CLANG_WARN_DOCUMENTATION_COMMENTS = YES;
				CLANG_WARN_EMPTY_BODY = YES;
				CLANG_WARN_ENUM_CONVERSION = YES;
				CLANG_WARN_INFINITE_RECURSION = YES;
				CLANG_WARN_INT_CONVERSION = YES;
				CLANG_WARN_NON_LITERAL_NULL_CONVERSION = YES;
				CLANG_WARN_OBJC_IMPLICIT_RETAIN_SELF = YES;
				CLANG_WARN_OBJC_LITERAL_CONVERSION = YES;
				CLANG_WARN_OBJC_ROOT_CLASS = YES_ERROR;
				CLANG_WARN_RANGE_LOOP_ANALYSIS = YES;
				CLANG_WARN_STRICT_PROTOTYPES = YES;
				CLANG_WARN_SUSPICIOUS_MOVE = YES;
				CLANG_WARN_UNGUARDED_AVAILABILITY = YES_AGGRESSIVE;
				CLANG_WARN_UNREACHABLE_CODE = YES;
				CLANG_WARN__DUPLICATE_METHOD_MATCH = YES;
				CODE_SIGN_IDENTITY = "iPhone Developer";
				COPY_PHASE_STRIP = NO;
				DEBUG_INFORMATION_FORMAT = "dwarf-with-dsym";
				ENABLE_NS_ASSERTIONS = NO;
				ENABLE_STRICT_OBJC_MSGSEND = YES;
				GCC_C_LANGUAGE_STANDARD = gnu11;
				GCC_NO_COMMON_BLOCKS = YES;
				GCC_WARN_64_TO_32_BIT_CONVERSION = YES;
				GCC_WARN_ABOUT_RETURN_TYPE = YES_ERROR;
				GCC_WARN_UNDECLARED_SELECTOR = YES;
				GCC_WARN_UNINITIALIZED_AUTOS = YES_AGGRESSIVE;
				GCC_WARN_UNUSED_FUNCTION = YES;
				GCC_WARN_UNUSED_VARIABLE = YES;
				IPHONEOS_DEPLOYMENT_TARGET = 11.4;
				MTL_ENABLE_DEBUG_INFO = NO;
				SDKROOT = iphoneos;
				SWIFT_COMPILATION_MODE = wholemodule;
				SWIFT_OPTIMIZATION_LEVEL = "-O";
				VALIDATE_PRODUCT = YES;
			};
			name = Release;
		};
		AC90088B20C8BC5A00D788CF /* Debug */ = {
			isa = XCBuildConfiguration;
			buildSettings = {
				ASSETCATALOG_COMPILER_APPICON_NAME = AppIcon;
				CODE_SIGN_STYLE = Automatic;
				INFOPLIST_FILE = 20180607_layer_shape/Info.plist;
				LD_RUNPATH_SEARCH_PATHS = (
					"$(inherited)",
					"@executable_path/Frameworks",
				);
				PRODUCT_BUNDLE_IDENTIFIER = "tw.iii.-0180607-layer-shape";
				PRODUCT_NAME = "$(TARGET_NAME)";
				SWIFT_VERSION = 4.0;
				TARGETED_DEVICE_FAMILY = "1,2";
			};
			name = Debug;
		};
		AC90088C20C8BC5A00D788CF /* Release */ = {
			isa = XCBuildConfiguration;
			buildSettings = {
				ASSETCATALOG_COMPILER_APPICON_NAME = AppIcon;
				CODE_SIGN_STYLE = Automatic;
				INFOPLIST_FILE = 20180607_layer_shape/Info.plist;
				LD_RUNPATH_SEARCH_PATHS = (
					"$(inherited)",
					"@executable_path/Frameworks",
				);
				PRODUCT_BUNDLE_IDENTIFIER = "tw.iii.-0180607-layer-shape";
				PRODUCT_NAME = "$(TARGET_NAME)";
				SWIFT_VERSION = 4.0;
				TARGETED_DEVICE_FAMILY = "1,2";
			};
			name = Release;
		};
/* End XCBuildConfiguration section */

/* Begin XCConfigurationList section */
		AC90087320C8BC5900D788CF /* Build configuration list for PBXProject "20180607_layer_shape" */ = {
			isa = XCConfigurationList;
			buildConfigurations = (
				AC90088820C8BC5A00D788CF /* Debug */,
				AC90088920C8BC5A00D788CF /* Release */,
			);
			defaultConfigurationIsVisible = 0;
			defaultConfigurationName = Release;
		};
		AC90088A20C8BC5A00D788CF /* Build configuration list for PBXNativeTarget "20180607_layer_shape" */ = {
			isa = XCConfigurationList;
			buildConfigurations = (
				AC90088B20C8BC5A00D788CF /* Debug */,
				AC90088C20C8BC5A00D788CF /* Release */,
			);
			defaultConfigurationIsVisible = 0;
			defaultConfigurationName = Release;
		};
/* End XCConfigurationList section */
	};
	rootObject = AC90087020C8BC5900D788CF /* Project object */;
}
