// !$*UTF8*$!
{
	archiveVersion = 1;
	classes = {
	};
	objectVersion = 50;
	objects = {

/* Begin PBXBuildFile section */
		ACAB2C1620DC9D04006084DF /* AppDelegate.swift in Sources */ = {isa = PBXBuildFile; fileRef = ACAB2C1520DC9D04006084DF /* AppDelegate.swift */; };
		ACAB2C1820DC9D04006084DF /* ViewController.swift in Sources */ = {isa = PBXBuildFile; fileRef = ACAB2C1720DC9D04006084DF /* ViewController.swift */; };
		ACAB2C1B20DC9D04006084DF /* Main.storyboard in Resources */ = {isa = PBXBuildFile; fileRef = ACAB2C1920DC9D04006084DF /* Main.storyboard */; };
		ACAB2C1D20DC9D07006084DF /* Assets.xcassets in Resources */ = {isa = PBXBuildFile; fileRef = ACAB2C1C20DC9D07006084DF /* Assets.xcassets */; };
		ACAB2C2020DC9D07006084DF /* LaunchScreen.storyboard in Resources */ = {isa = PBXBuildFile; fileRef = ACAB2C1E20DC9D07006084DF /* LaunchScreen.storyboard */; };
/* End PBXBuildFile section */

/* Begin PBXFileReference section */
		ACAB2C1220DC9D04006084DF /* 20180622_1_towerProControl.app */ = {isa = PBXFileReference; explicitFileType = wrapper.application; includeInIndex = 0; path = 20180622_1_towerProControl.app; sourceTree = BUILT_PRODUCTS_DIR; };
		ACAB2C1520DC9D04006084DF /* AppDelegate.swift */ = {isa = PBXFileReference; lastKnownFileType = sourcecode.swift; path = AppDelegate.swift; sourceTree = "<group>"; };
		ACAB2C1720DC9D04006084DF /* ViewController.swift */ = {isa = PBXFileReference; lastKnownFileType = sourcecode.swift; path = ViewController.swift; sourceTree = "<group>"; };
		ACAB2C1A20DC9D04006084DF /* Base */ = {isa = PBXFileReference; lastKnownFileType = file.storyboard; name = Base; path = Base.lproj/Main.storyboard; sourceTree = "<group>"; };
		ACAB2C1C20DC9D07006084DF /* Assets.xcassets */ = {isa = PBXFileReference; lastKnownFileType = folder.assetcatalog; path = Assets.xcassets; sourceTree = "<group>"; };
		ACAB2C1F20DC9D07006084DF /* Base */ = {isa = PBXFileReference; lastKnownFileType = file.storyboard; name = Base; path = Base.lproj/LaunchScreen.storyboard; sourceTree = "<group>"; };
		ACAB2C2120DC9D07006084DF /* Info.plist */ = {isa = PBXFileReference; lastKnownFileType = text.plist.xml; path = Info.plist; sourceTree = "<group>"; };
/* End PBXFileReference section */

/* Begin PBXFrameworksBuildPhase section */
		ACAB2C0F20DC9D04006084DF /* Frameworks */ = {
			isa = PBXFrameworksBuildPhase;
			buildActionMask = 2147483647;
			files = (
			);
			runOnlyForDeploymentPostprocessing = 0;
		};
/* End PBXFrameworksBuildPhase section */

/* Begin PBXGroup section */
		ACAB2C0920DC9D04006084DF = {
			isa = PBXGroup;
			children = (
				ACAB2C1420DC9D04006084DF /* 20180622_1_towerProControl */,
				ACAB2C1320DC9D04006084DF /* Products */,
			);
			sourceTree = "<group>";
		};
		ACAB2C1320DC9D04006084DF /* Products */ = {
			isa = PBXGroup;
			children = (
				ACAB2C1220DC9D04006084DF /* 20180622_1_towerProControl.app */,
			);
			name = Products;
			sourceTree = "<group>";
		};
		ACAB2C1420DC9D04006084DF /* 20180622_1_towerProControl */ = {
			isa = PBXGroup;
			children = (
				ACAB2C1520DC9D04006084DF /* AppDelegate.swift */,
				ACAB2C1720DC9D04006084DF /* ViewController.swift */,
				ACAB2C1920DC9D04006084DF /* Main.storyboard */,
				ACAB2C1C20DC9D07006084DF /* Assets.xcassets */,
				ACAB2C1E20DC9D07006084DF /* LaunchScreen.storyboard */,
				ACAB2C2120DC9D07006084DF /* Info.plist */,
			);
			path = 20180622_1_towerProControl;
			sourceTree = "<group>";
		};
/* End PBXGroup section */

/* Begin PBXNativeTarget section */
		ACAB2C1120DC9D04006084DF /* 20180622_1_towerProControl */ = {
			isa = PBXNativeTarget;
			buildConfigurationList = ACAB2C2420DC9D07006084DF /* Build configuration list for PBXNativeTarget "20180622_1_towerProControl" */;
			buildPhases = (
				ACAB2C0E20DC9D04006084DF /* Sources */,
				ACAB2C0F20DC9D04006084DF /* Frameworks */,
				ACAB2C1020DC9D04006084DF /* Resources */,
			);
			buildRules = (
			);
			dependencies = (
			);
			name = 20180622_1_towerProControl;
			productName = 20180622_1_towerProControl;
			productReference = ACAB2C1220DC9D04006084DF /* 20180622_1_towerProControl.app */;
			productType = "com.apple.product-type.application";
		};
/* End PBXNativeTarget section */

/* Begin PBXProject section */
		ACAB2C0A20DC9D04006084DF /* Project object */ = {
			isa = PBXProject;
			attributes = {
				LastSwiftUpdateCheck = 0940;
				LastUpgradeCheck = 0940;
				ORGANIZATIONNAME = Yen;
				TargetAttributes = {
					ACAB2C1120DC9D04006084DF = {
						CreatedOnToolsVersion = 9.4;
					};
				};
			};
			buildConfigurationList = ACAB2C0D20DC9D04006084DF /* Build configuration list for PBXProject "20180622_1_towerProControl" */;
			compatibilityVersion = "Xcode 9.3";
			developmentRegion = en;
			hasScannedForEncodings = 0;
			knownRegions = (
				en,
				Base,
			);
			mainGroup = ACAB2C0920DC9D04006084DF;
			productRefGroup = ACAB2C1320DC9D04006084DF /* Products */;
			projectDirPath = "";
			projectRoot = "";
			targets = (
				ACAB2C1120DC9D04006084DF /* 20180622_1_towerProControl */,
			);
		};
/* End PBXProject section */

/* Begin PBXResourcesBuildPhase section */
		ACAB2C1020DC9D04006084DF /* Resources */ = {
			isa = PBXResourcesBuildPhase;
			buildActionMask = 2147483647;
			files = (
				ACAB2C2020DC9D07006084DF /* LaunchScreen.storyboard in Resources */,
				ACAB2C1D20DC9D07006084DF /* Assets.xcassets in Resources */,
				ACAB2C1B20DC9D04006084DF /* Main.storyboard in Resources */,
			);
			runOnlyForDeploymentPostprocessing = 0;
		};
/* End PBXResourcesBuildPhase section */

/* Begin PBXSourcesBuildPhase section */
		ACAB2C0E20DC9D04006084DF /* Sources */ = {
			isa = PBXSourcesBuildPhase;
			buildActionMask = 2147483647;
			files = (
				ACAB2C1820DC9D04006084DF /* ViewController.swift in Sources */,
				ACAB2C1620DC9D04006084DF /* AppDelegate.swift in Sources */,
			);
			runOnlyForDeploymentPostprocessing = 0;
		};
/* End PBXSourcesBuildPhase section */

/* Begin PBXVariantGroup section */
		ACAB2C1920DC9D04006084DF /* Main.storyboard */ = {
			isa = PBXVariantGroup;
			children = (
				ACAB2C1A20DC9D04006084DF /* Base */,
			);
			name = Main.storyboard;
			sourceTree = "<group>";
		};
		ACAB2C1E20DC9D07006084DF /* LaunchScreen.storyboard */ = {
			isa = PBXVariantGroup;
			children = (
				ACAB2C1F20DC9D07006084DF /* Base */,
			);
			name = LaunchScreen.storyboard;
			sourceTree = "<group>";
		};
/* End PBXVariantGroup section */

/* Begin XCBuildConfiguration section */
		ACAB2C2220DC9D07006084DF /* Debug */ = {
			isa = XCBuildConfiguration;
			buildSettings = {
				ALWAYS_SEARCH_USER_PATHS = NO;
				CLANG_ANALYZER_NONNULL = YES;
				CLANG_ANALYZER_NUMBER_OBJECT_CONVERSION = YES_AGGRESSIVE;
				CLANG_CXX_LANGUAGE_STANDARD = "gnu++14";
				CLANG_CXX_LIBRARY = "libc++";
				CLANG_ENABLE_MODULES = YES;
				CLANG_ENABLE_OBJC_ARC = YES;
				CLANG_ENABLE_OBJC_WEAK = YES;
				CLANG_WARN_BLOCK_CAPTURE_AUTORELEASING = YES;
				CLANG_WARN_BOOL_CONVERSION = YES;
				CLANG_WARN_COMMA = YES;
				CLANG_WARN_CONSTANT_CONVERSION = YES;
				CLANG_WARN_DEPRECATED_OBJC_IMPLEMENTATIONS = YES;
				CLANG_WARN_DIRECT_OBJC_ISA_USAGE = YES_ERROR;
				CLANG_WARN_DOCUMENTATION_COMMENTS = YES;
				CLANG_WARN_EMPTY_BODY = YES;
				CLANG_WARN_ENUM_CONVERSION = YES;
				CLANG_WARN_INFINITE_RECURSION = YES;
				CLANG_WARN_INT_CONVERSION = YES;
				CLANG_WARN_NON_LITERAL_NULL_CONVERSION = YES;
				CLANG_WARN_OBJC_IMPLICIT_RETAIN_SELF = YES;
				CLANG_WARN_OBJC_LITERAL_CONVERSION = YES;
				CLANG_WARN_OBJC_ROOT_CLASS = YES_ERROR;
				CLANG_WARN_RANGE_LOOP_ANALYSIS = YES;
				CLANG_WARN_STRICT_PROTOTYPES = YES;
				CLANG_WARN_SUSPICIOUS_MOVE = YES;
				CLANG_WARN_UNGUARDED_AVAILABILITY = YES_AGGRESSIVE;
				CLANG_WARN_UNREACHABLE_CODE = YES;
				CLANG_WARN__DUPLICATE_METHOD_MATCH = YES;
				CODE_SIGN_IDENTITY = "iPhone Developer";
				COPY_PHASE_STRIP = NO;
				DEBUG_INFORMATION_FORMAT = dwarf;
				ENABLE_STRICT_OBJC_MSGSEND = YES;
				ENABLE_TESTABILITY = YES;
				GCC_C_LANGUAGE_STANDARD = gnu11;
				GCC_DYNAMIC_NO_PIC = NO;
				GCC_NO_COMMON_BLOCKS = YES;
				GCC_OPTIMIZATION_LEVEL = 0;
				GCC_PREPROCESSOR_DEFINITIONS = (
					"DEBUG=1",
					"$(inherited)",
				);
				GCC_WARN_64_TO_32_BIT_CONVERSION = YES;
				GCC_WARN_ABOUT_RETURN_TYPE = YES_ERROR;
				GCC_WARN_UNDECLARED_SELECTOR = YES;
				GCC_WARN_UNINITIALIZED_AUTOS = YES_AGGRESSIVE;
				GCC_WARN_UNUSED_FUNCTION = YES;
				GCC_WARN_UNUSED_VARIABLE = YES;
				IPHONEOS_DEPLOYMENT_TARGET = 11.4;
				MTL_ENABLE_DEBUG_INFO = YES;
				ONLY_ACTIVE_ARCH = YES;
				SDKROOT = iphoneos;
				SWIFT_ACTIVE_COMPILATION_CONDITIONS = DEBUG;
				SWIFT_OPTIMIZATION_LEVEL = "-Onone";
			};
			name = Debug;
		};
		ACAB2C2320DC9D07006084DF /* Release */ = {
			isa = XCBuildConfiguration;
			buildSettings = {
				ALWAYS_SEARCH_USER_PATHS = NO;
				CLANG_ANALYZER_NONNULL = YES;
				CLANG_ANALYZER_NUMBER_OBJECT_CONVERSION = YES_AGGRESSIVE;
				CLANG_CXX_LANGUAGE_STANDARD = "gnu++14";
				CLANG_CXX_LIBRARY = "libc++";
				CLANG_ENABLE_MODULES = YES;
				CLANG_ENABLE_OBJC_ARC = YES;
				CLANG_ENABLE_OBJC_WEAK = YES;
				CLANG_WARN_BLOCK_CAPTURE_AUTORELEASING = YES;
				CLANG_WARN_BOOL_CONVERSION = YES;
				CLANG_WARN_COMMA = YES;
				CLANG_WARN_CONSTANT_CONVERSION = YES;
				CLANG_WARN_DEPRECATED_OBJC_IMPLEMENTATIONS = YES;
				CLANG_WARN_DIRECT_OBJC_ISA_USAGE = YES_ERROR;
				CLANG_WARN_DOCUMENTATION_COMMENTS = YES;
				CLANG_WARN_EMPTY_BODY = YES;
				CLANG_WARN_ENUM_CONVERSION = YES;
				CLANG_WARN_INFINITE_RECURSION = YES;
				CLANG_WARN_INT_CONVERSION = YES;
				CLANG_WARN_NON_LITERAL_NULL_CONVERSION = YES;
				CLANG_WARN_OBJC_IMPLICIT_RETAIN_SELF = YES;
				CLANG_WARN_OBJC_LITERAL_CONVERSION = YES;
				CLANG_WARN_OBJC_ROOT_CLASS = YES_ERROR;
				CLANG_WARN_RANGE_LOOP_ANALYSIS = YES;
				CLANG_WARN_STRICT_PROTOTYPES = YES;
				CLANG_WARN_SUSPICIOUS_MOVE = YES;
				CLANG_WARN_UNGUARDED_AVAILABILITY = YES_AGGRESSIVE;
				CLANG_WARN_UNREACHABLE_CODE = YES;
				CLANG_WARN__DUPLICATE_METHOD_MATCH = YES;
				CODE_SIGN_IDENTITY = "iPhone Developer";
				COPY_PHASE_STRIP = NO;
				DEBUG_INFORMATION_FORMAT = "dwarf-with-dsym";
				ENABLE_NS_ASSERTIONS = NO;
				ENABLE_STRICT_OBJC_MSGSEND = YES;
				GCC_C_LANGUAGE_STANDARD = gnu11;
				GCC_NO_COMMON_BLOCKS = YES;
				GCC_WARN_64_TO_32_BIT_CONVERSION = YES;
				GCC_WARN_ABOUT_RETURN_TYPE = YES_ERROR;
				GCC_WARN_UNDECLARED_SELECTOR = YES;
				GCC_WARN_UNINITIALIZED_AUTOS = YES_AGGRESSIVE;
				GCC_WARN_UNUSED_FUNCTION = YES;
				GCC_WARN_UNUSED_VARIABLE = YES;
				IPHONEOS_DEPLOYMENT_TARGET = 11.4;
				MTL_ENABLE_DEBUG_INFO = NO;
				SDKROOT = iphoneos;
				SWIFT_COMPILATION_MODE = wholemodule;
				SWIFT_OPTIMIZATION_LEVEL = "-O";
				VALIDATE_PRODUCT = YES;
			};
			name = Release;
		};
		ACAB2C2520DC9D07006084DF /* Debug */ = {
			isa = XCBuildConfiguration;
			buildSettings = {
				ASSETCATALOG_COMPILER_APPICON_NAME = AppIcon;
				CODE_SIGN_STYLE = Automatic;
				DEVELOPMENT_TEAM = 76T5KWEPVV;
				INFOPLIST_FILE = 20180622_1_towerProControl/Info.plist;
				IPHONEOS_DEPLOYMENT_TARGET = 11.1;
				LD_RUNPATH_SEARCH_PATHS = (
					"$(inherited)",
					"@executable_path/Frameworks",
				);
				PRODUCT_BUNDLE_IDENTIFIER = "tw.iii.-0180622-1-towerProControl";
				PRODUCT_NAME = "$(TARGET_NAME)";
				SWIFT_VERSION = 4.0;
				TARGETED_DEVICE_FAMILY = "1,2";
			};
			name = Debug;
		};
		ACAB2C2620DC9D07006084DF /* Release */ = {
			isa = XCBuildConfiguration;
			buildSettings = {
				ASSETCATALOG_COMPILER_APPICON_NAME = AppIcon;
				CODE_SIGN_STYLE = Automatic;
				DEVELOPMENT_TEAM = 76T5KWEPVV;
				INFOPLIST_FILE = 20180622_1_towerProControl/Info.plist;
				IPHONEOS_DEPLOYMENT_TARGET = 11.1;
				LD_RUNPATH_SEARCH_PATHS = (
					"$(inherited)",
					"@executable_path/Frameworks",
				);
				PRODUCT_BUNDLE_IDENTIFIER = "tw.iii.-0180622-1-towerProControl";
				PRODUCT_NAME = "$(TARGET_NAME)";
				SWIFT_VERSION = 4.0;
				TARGETED_DEVICE_FAMILY = "1,2";
			};
			name = Release;
		};
/* End XCBuildConfiguration section */

/* Begin XCConfigurationList section */
		ACAB2C0D20DC9D04006084DF /* Build configuration list for PBXProject "20180622_1_towerProControl" */ = {
			isa = XCConfigurationList;
			buildConfigurations = (
				ACAB2C2220DC9D07006084DF /* Debug */,
				ACAB2C2320DC9D07006084DF /* Release */,
			);
			defaultConfigurationIsVisible = 0;
			defaultConfigurationName = Release;
		};
		ACAB2C2420DC9D07006084DF /* Build configuration list for PBXNativeTarget "20180622_1_towerProControl" */ = {
			isa = XCConfigurationList;
			buildConfigurations = (
				ACAB2C2520DC9D07006084DF /* Debug */,
				ACAB2C2620DC9D07006084DF /* Release */,
			);
			defaultConfigurationIsVisible = 0;
			defaultConfigurationName = Release;
		};
/* End XCConfigurationList section */
	};
	rootObject = ACAB2C0A20DC9D04006084DF /* Project object */;
}
